
Microsoft Visual Studio Solution File, Format Version 12.00
# Visual Studio Version 16
VisualStudioVersion = 16.0.30320.27
MinimumVisualStudioVersion = 10.0.40219.1
Project("{FAE04EC0-301F-11D3-BF4B-00C04F79EFBC}") = "E.S.Common.Helpers", "E.S.Common.Helpers\E.S.Common.Helpers.csproj", "{7442980D-BE8A-4A42-8CE9-F9DAA41D38B9}"
EndProject
Global
	GlobalSection(SolutionConfigurationPlatforms) = preSolution
		Debug|Any CPU = Debug|Any CPU
		Release|Any CPU = Release|Any CPU
	EndGlobalSection
	GlobalSection(ProjectConfigurationPlatforms) = postSolution
		{7442980D-BE8A-4A42-8CE9-F9DAA41D38B9}.Debug|Any CPU.ActiveCfg = Debug|Any CPU
		{7442980D-BE8A-4A42-8CE9-F9DAA41D38B9}.Debug|Any CPU.Build.0 = Debug|Any CPU
		{7442980D-BE8A-4A42-8CE9-F9DAA41D38B9}.Release|Any CPU.ActiveCfg = Release|Any CPU
		{7442980D-BE8A-4A42-8CE9-F9DAA41D38B9}.Release|Any CPU.Build.0 = Release|Any CPU
	EndGlobalSection
	GlobalSection(SolutionProperties) = preSolution
		HideSolutionNode = FALSE
	EndGlobalSection
	GlobalSection(ExtensibilityGlobals) = postSolution
		SolutionGuid = {5A74DEF4-D322-4DD8-BC78-0930C2FA2D4B}
	EndGlobalSection
EndGlobal
